// !$*UTF8*$!
{
	archiveVersion = 1;
	classes = {
	};
	objectVersion = 50;
	objects = {

/* Begin PBXBuildFile section */
		2A55387E25D0019500F8F190 /* AppDelegate.swift in Sources */ = {isa = PBXBuildFile; fileRef = 2A55387D25D0019500F8F190 /* AppDelegate.swift */; };
		2A55388025D0019500F8F190 /* SceneDelegate.swift in Sources */ = {isa = PBXBuildFile; fileRef = 2A55387F25D0019500F8F190 /* SceneDelegate.swift */; };
		2A55388225D0019500F8F190 /* ViewController.swift in Sources */ = {isa = PBXBuildFile; fileRef = 2A55388125D0019500F8F190 /* ViewController.swift */; };
		2A55388525D0019500F8F190 /* Main.storyboard in Resources */ = {isa = PBXBuildFile; fileRef = 2A55388325D0019500F8F190 /* Main.storyboard */; };
		2A55388725D0019800F8F190 /* Assets.xcassets in Resources */ = {isa = PBXBuildFile; fileRef = 2A55388625D0019800F8F190 /* Assets.xcassets */; };
		2A55388A25D0019800F8F190 /* LaunchScreen.storyboard in Resources */ = {isa = PBXBuildFile; fileRef = 2A55388825D0019800F8F190 /* LaunchScreen.storyboard */; };
		2A55389525D0019800F8F190 /* winwinCalculatorTests.swift in Sources */ = {isa = PBXBuildFile; fileRef = 2A55389425D0019800F8F190 /* winwinCalculatorTests.swift */; };
		2A5538A025D0019900F8F190 /* winwinCalculatorUITests.swift in Sources */ = {isa = PBXBuildFile; fileRef = 2A55389F25D0019900F8F190 /* winwinCalculatorUITests.swift */; };
/* End PBXBuildFile section */

/* Begin PBXContainerItemProxy section */
		2A55389125D0019800F8F190 /* PBXContainerItemProxy */ = {
			isa = PBXContainerItemProxy;
			containerPortal = 2A55387225D0019500F8F190 /* Project object */;
			proxyType = 1;
			remoteGlobalIDString = 2A55387925D0019500F8F190;
			remoteInfo = winwinCalculator;
		};
		2A55389C25D0019900F8F190 /* PBXContainerItemProxy */ = {
			isa = PBXContainerItemProxy;
			containerPortal = 2A55387225D0019500F8F190 /* Project object */;
			proxyType = 1;
			remoteGlobalIDString = 2A55387925D0019500F8F190;
			remoteInfo = winwinCalculator;
		};
/* End PBXContainerItemProxy section */

/* Begin PBXFileReference section */
		2A55387A25D0019500F8F190 /* winwinCalculator.app */ = {isa = PBXFileReference; explicitFileType = wrapper.application; includeInIndex = 0; path = winwinCalculator.app; sourceTree = BUILT_PRODUCTS_DIR; };
		2A55387D25D0019500F8F190 /* AppDelegate.swift */ = {isa = PBXFileReference; lastKnownFileType = sourcecode.swift; path = AppDelegate.swift; sourceTree = "<group>"; };
		2A55387F25D0019500F8F190 /* SceneDelegate.swift */ = {isa = PBXFileReference; lastKnownFileType = sourcecode.swift; path = SceneDelegate.swift; sourceTree = "<group>"; };
		2A55388125D0019500F8F190 /* ViewController.swift */ = {isa = PBXFileReference; lastKnownFileType = sourcecode.swift; path = ViewController.swift; sourceTree = "<group>"; };
		2A55388425D0019500F8F190 /* Base */ = {isa = PBXFileReference; lastKnownFileType = file.storyboard; name = Base; path = Base.lproj/Main.storyboard; sourceTree = "<group>"; };
		2A55388625D0019800F8F190 /* Assets.xcassets */ = {isa = PBXFileReference; lastKnownFileType = folder.assetcatalog; path = Assets.xcassets; sourceTree = "<group>"; };
		2A55388925D0019800F8F190 /* Base */ = {isa = PBXFileReference; lastKnownFileType = file.storyboard; name = Base; path = Base.lproj/LaunchScreen.storyboard; sourceTree = "<group>"; };
		2A55388B25D0019800F8F190 /* Info.plist */ = {isa = PBXFileReference; lastKnownFileType = text.plist.xml; path = Info.plist; sourceTree = "<group>"; };
		2A55389025D0019800F8F190 /* winwinCalculatorTests.xctest */ = {isa = PBXFileReference; explicitFileType = wrapper.cfbundle; includeInIndex = 0; path = winwinCalculatorTests.xctest; sourceTree = BUILT_PRODUCTS_DIR; };
		2A55389425D0019800F8F190 /* winwinCalculatorTests.swift */ = {isa = PBXFileReference; lastKnownFileType = sourcecode.swift; path = winwinCalculatorTests.swift; sourceTree = "<group>"; };
		2A55389625D0019900F8F190 /* Info.plist */ = {isa = PBXFileReference; lastKnownFileType = text.plist.xml; path = Info.plist; sourceTree = "<group>"; };
		2A55389B25D0019900F8F190 /* winwinCalculatorUITests.xctest */ = {isa = PBXFileReference; explicitFileType = wrapper.cfbundle; includeInIndex = 0; path = winwinCalculatorUITests.xctest; sourceTree = BUILT_PRODUCTS_DIR; };
		2A55389F25D0019900F8F190 /* winwinCalculatorUITests.swift */ = {isa = PBXFileReference; lastKnownFileType = sourcecode.swift; path = winwinCalculatorUITests.swift; sourceTree = "<group>"; };
		2A5538A125D0019900F8F190 /* Info.plist */ = {isa = PBXFileReference; lastKnownFileType = text.plist.xml; path = Info.plist; sourceTree = "<group>"; };
/* End PBXFileReference section */

/* Begin PBXFrameworksBuildPhase section */
		2A55387725D0019500F8F190 /* Frameworks */ = {
			isa = PBXFrameworksBuildPhase;
			buildActionMask = 2147483647;
			files = (
			);
			runOnlyForDeploymentPostprocessing = 0;
		};
		2A55388D25D0019800F8F190 /* Frameworks */ = {
			isa = PBXFrameworksBuildPhase;
			buildActionMask = 2147483647;
			files = (
			);
			runOnlyForDeploymentPostprocessing = 0;
		};
		2A55389825D0019900F8F190 /* Frameworks */ = {
			isa = PBXFrameworksBuildPhase;
			buildActionMask = 2147483647;
			files = (
			);
			runOnlyForDeploymentPostprocessing = 0;
		};
/* End PBXFrameworksBuildPhase section */

/* Begin PBXGroup section */
		2A55387125D0019500F8F190 = {
			isa = PBXGroup;
			children = (
				2A55387C25D0019500F8F190 /* winwinCalculator */,
				2A55389325D0019800F8F190 /* winwinCalculatorTests */,
				2A55389E25D0019900F8F190 /* winwinCalculatorUITests */,
				2A55387B25D0019500F8F190 /* Products */,
			);
			sourceTree = "<group>";
		};
		2A55387B25D0019500F8F190 /* Products */ = {
			isa = PBXGroup;
			children = (
				2A55387A25D0019500F8F190 /* winwinCalculator.app */,
				2A55389025D0019800F8F190 /* winwinCalculatorTests.xctest */,
				2A55389B25D0019900F8F190 /* winwinCalculatorUITests.xctest */,
			);
			name = Products;
			sourceTree = "<group>";
		};
		2A55387C25D0019500F8F190 /* winwinCalculator */ = {
			isa = PBXGroup;
			children = (
				2A55387D25D0019500F8F190 /* AppDelegate.swift */,
				2A55387F25D0019500F8F190 /* SceneDelegate.swift */,
				2A55388125D0019500F8F190 /* ViewController.swift */,
				2A55388325D0019500F8F190 /* Main.storyboard */,
				2A55388625D0019800F8F190 /* Assets.xcassets */,
				2A55388825D0019800F8F190 /* LaunchScreen.storyboard */,
				2A55388B25D0019800F8F190 /* Info.plist */,
			);
			path = winwinCalculator;
			sourceTree = "<group>";
		};
		2A55389325D0019800F8F190 /* winwinCalculatorTests */ = {
			isa = PBXGroup;
			children = (
				2A55389425D0019800F8F190 /* winwinCalculatorTests.swift */,
				2A55389625D0019900F8F190 /* Info.plist */,
			);
			path = winwinCalculatorTests;
			sourceTree = "<group>";
		};
		2A55389E25D0019900F8F190 /* winwinCalculatorUITests */ = {
			isa = PBXGroup;
			children = (
				2A55389F25D0019900F8F190 /* winwinCalculatorUITests.swift */,
				2A5538A125D0019900F8F190 /* Info.plist */,
			);
			path = winwinCalculatorUITests;
			sourceTree = "<group>";
		};
/* End PBXGroup section */

/* Begin PBXNativeTarget section */
		2A55387925D0019500F8F190 /* winwinCalculator */ = {
			isa = PBXNativeTarget;
			buildConfigurationList = 2A5538A425D0019900F8F190 /* Build configuration list for PBXNativeTarget "winwinCalculator" */;
			buildPhases = (
				2A55387625D0019500F8F190 /* Sources */,
				2A55387725D0019500F8F190 /* Frameworks */,
				2A55387825D0019500F8F190 /* Resources */,
			);
			buildRules = (
			);
			dependencies = (
			);
			name = winwinCalculator;
			productName = winwinCalculator;
			productReference = 2A55387A25D0019500F8F190 /* winwinCalculator.app */;
			productType = "com.apple.product-type.application";
		};
		2A55388F25D0019800F8F190 /* winwinCalculatorTests */ = {
			isa = PBXNativeTarget;
			buildConfigurationList = 2A5538A725D0019900F8F190 /* Build configuration list for PBXNativeTarget "winwinCalculatorTests" */;
			buildPhases = (
				2A55388C25D0019800F8F190 /* Sources */,
				2A55388D25D0019800F8F190 /* Frameworks */,
				2A55388E25D0019800F8F190 /* Resources */,
			);
			buildRules = (
			);
			dependencies = (
				2A55389225D0019800F8F190 /* PBXTargetDependency */,
			);
			name = winwinCalculatorTests;
			productName = winwinCalculatorTests;
			productReference = 2A55389025D0019800F8F190 /* winwinCalculatorTests.xctest */;
			productType = "com.apple.product-type.bundle.unit-test";
		};
		2A55389A25D0019900F8F190 /* winwinCalculatorUITests */ = {
			isa = PBXNativeTarget;
			buildConfigurationList = 2A5538AA25D0019900F8F190 /* Build configuration list for PBXNativeTarget "winwinCalculatorUITests" */;
			buildPhases = (
				2A55389725D0019900F8F190 /* Sources */,
				2A55389825D0019900F8F190 /* Frameworks */,
				2A55389925D0019900F8F190 /* Resources */,
			);
			buildRules = (
			);
			dependencies = (
				2A55389D25D0019900F8F190 /* PBXTargetDependency */,
			);
			name = winwinCalculatorUITests;
			productName = winwinCalculatorUITests;
			productReference = 2A55389B25D0019900F8F190 /* winwinCalculatorUITests.xctest */;
			productType = "com.apple.product-type.bundle.ui-testing";
		};
/* End PBXNativeTarget section */

/* Begin PBXProject section */
		2A55387225D0019500F8F190 /* Project object */ = {
			isa = PBXProject;
			attributes = {
				LastSwiftUpdateCheck = 1150;
				LastUpgradeCheck = 1150;
				ORGANIZATIONNAME = Lahiru;
				TargetAttributes = {
					2A55387925D0019500F8F190 = {
						CreatedOnToolsVersion = 11.5;
					};
					2A55388F25D0019800F8F190 = {
						CreatedOnToolsVersion = 11.5;
						TestTargetID = 2A55387925D0019500F8F190;
					};
					2A55389A25D0019900F8F190 = {
						CreatedOnToolsVersion = 11.5;
						TestTargetID = 2A55387925D0019500F8F190;
					};
				};
			};
			buildConfigurationList = 2A55387525D0019500F8F190 /* Build configuration list for PBXProject "winwinCalculator" */;
			compatibilityVersion = "Xcode 9.3";
			developmentRegion = en;
			hasScannedForEncodings = 0;
			knownRegions = (
				en,
				Base,
			);
			mainGroup = 2A55387125D0019500F8F190;
			productRefGroup = 2A55387B25D0019500F8F190 /* Products */;
			projectDirPath = "";
			projectRoot = "";
			targets = (
				2A55387925D0019500F8F190 /* winwinCalculator */,
				2A55388F25D0019800F8F190 /* winwinCalculatorTests */,
				2A55389A25D0019900F8F190 /* winwinCalculatorUITests */,
			);
		};
/* End PBXProject section */

/* Begin PBXResourcesBuildPhase section */
		2A55387825D0019500F8F190 /* Resources */ = {
			isa = PBXResourcesBuildPhase;
			buildActionMask = 2147483647;
			files = (
				2A55388A25D0019800F8F190 /* LaunchScreen.storyboard in Resources */,
				2A55388725D0019800F8F190 /* Assets.xcassets in Resources */,
				2A55388525D0019500F8F190 /* Main.storyboard in Resources */,
			);
			runOnlyForDeploymentPostprocessing = 0;
		};
		2A55388E25D0019800F8F190 /* Resources */ = {
			isa = PBXResourcesBuildPhase;
			buildActionMask = 2147483647;
			files = (
			);
			runOnlyForDeploymentPostprocessing = 0;
		};
		2A55389925D0019900F8F190 /* Resources */ = {
			isa = PBXResourcesBuildPhase;
			buildActionMask = 2147483647;
			files = (
			);
			runOnlyForDeploymentPostprocessing = 0;
		};
/* End PBXResourcesBuildPhase section */

/* Begin PBXSourcesBuildPhase section */
		2A55387625D0019500F8F190 /* Sources */ = {
			isa = PBXSourcesBuildPhase;
			buildActionMask = 2147483647;
			files = (
				2A55388225D0019500F8F190 /* ViewController.swift in Sources */,
				2A55387E25D0019500F8F190 /* AppDelegate.swift in Sources */,
				2A55388025D0019500F8F190 /* SceneDelegate.swift in Sources */,
			);
			runOnlyForDeploymentPostprocessing = 0;
		};
		2A55388C25D0019800F8F190 /* Sources */ = {
			isa = PBXSourcesBuildPhase;
			buildActionMask = 2147483647;
			files = (
				2A55389525D0019800F8F190 /* winwinCalculatorTests.swift in Sources */,
			);
			runOnlyForDeploymentPostprocessing = 0;
		};
		2A55389725D0019900F8F190 /* Sources */ = {
			isa = PBXSourcesBuildPhase;
			buildActionMask = 2147483647;
			files = (
				2A5538A025D0019900F8F190 /* winwinCalculatorUITests.swift in Sources */,
			);
			runOnlyForDeploymentPostprocessing = 0;
		};
/* End PBXSourcesBuildPhase section */

/* Begin PBXTargetDependency section */
		2A55389225D0019800F8F190 /* PBXTargetDependency */ = {
			isa = PBXTargetDependency;
			target = 2A55387925D0019500F8F190 /* winwinCalculator */;
			targetProxy = 2A55389125D0019800F8F190 /* PBXContainerItemProxy */;
		};
		2A55389D25D0019900F8F190 /* PBXTargetDependency */ = {
			isa = PBXTargetDependency;
			target = 2A55387925D0019500F8F190 /* winwinCalculator */;
			targetProxy = 2A55389C25D0019900F8F190 /* PBXContainerItemProxy */;
		};
/* End PBXTargetDependency section */

/* Begin PBXVariantGroup section */
		2A55388325D0019500F8F190 /* Main.storyboard */ = {
			isa = PBXVariantGroup;
			children = (
				2A55388425D0019500F8F190 /* Base */,
			);
			name = Main.storyboard;
			sourceTree = "<group>";
		};
		2A55388825D0019800F8F190 /* LaunchScreen.storyboard */ = {
			isa = PBXVariantGroup;
			children = (
				2A55388925D0019800F8F190 /* Base */,
			);
			name = LaunchScreen.storyboard;
			sourceTree = "<group>";
		};
/* End PBXVariantGroup section */

/* Begin XCBuildConfiguration section */
		2A5538A225D0019900F8F190 /* Debug */ = {
			isa = XCBuildConfiguration;
			buildSettings = {
				ALWAYS_SEARCH_USER_PATHS = NO;
				CLANG_ANALYZER_NONNULL = YES;
				CLANG_ANALYZER_NUMBER_OBJECT_CONVERSION = YES_AGGRESSIVE;
				CLANG_CXX_LANGUAGE_STANDARD = "gnu++14";
				CLANG_CXX_LIBRARY = "libc++";
				CLANG_ENABLE_MODULES = YES;
				CLANG_ENABLE_OBJC_ARC = YES;
				CLANG_ENABLE_OBJC_WEAK = YES;
				CLANG_WARN_BLOCK_CAPTURE_AUTORELEASING = YES;
				CLANG_WARN_BOOL_CONVERSION = YES;
				CLANG_WARN_COMMA = YES;
				CLANG_WARN_CONSTANT_CONVERSION = YES;
				CLANG_WARN_DEPRECATED_OBJC_IMPLEMENTATIONS = YES;
				CLANG_WARN_DIRECT_OBJC_ISA_USAGE = YES_ERROR;
				CLANG_WARN_DOCUMENTATION_COMMENTS = YES;
				CLANG_WARN_EMPTY_BODY = YES;
				CLANG_WARN_ENUM_CONVERSION = YES;
				CLANG_WARN_INFINITE_RECURSION = YES;
				CLANG_WARN_INT_CONVERSION = YES;
				CLANG_WARN_NON_LITERAL_NULL_CONVERSION = YES;
				CLANG_WARN_OBJC_IMPLICIT_RETAIN_SELF = YES;
				CLANG_WARN_OBJC_LITERAL_CONVERSION = YES;
				CLANG_WARN_OBJC_ROOT_CLASS = YES_ERROR;
				CLANG_WARN_RANGE_LOOP_ANALYSIS = YES;
				CLANG_WARN_STRICT_PROTOTYPES = YES;
				CLANG_WARN_SUSPICIOUS_MOVE = YES;
				CLANG_WARN_UNGUARDED_AVAILABILITY = YES_AGGRESSIVE;
				CLANG_WARN_UNREACHABLE_CODE = YES;
				CLANG_WARN__DUPLICATE_METHOD_MATCH = YES;
				COPY_PHASE_STRIP = NO;
				DEBUG_INFORMATION_FORMAT = dwarf;
				ENABLE_STRICT_OBJC_MSGSEND = YES;
				ENABLE_TESTABILITY = YES;
				GCC_C_LANGUAGE_STANDARD = gnu11;
				GCC_DYNAMIC_NO_PIC = NO;
				GCC_NO_COMMON_BLOCKS = YES;
				GCC_OPTIMIZATION_LEVEL = 0;
				GCC_PREPROCESSOR_DEFINITIONS = (
					"DEBUG=1",
					"$(inherited)",
				);
				GCC_WARN_64_TO_32_BIT_CONVERSION = YES;
				GCC_WARN_ABOUT_RETURN_TYPE = YES_ERROR;
				GCC_WARN_UNDECLARED_SELECTOR = YES;
				GCC_WARN_UNINITIALIZED_AUTOS = YES_AGGRESSIVE;
				GCC_WARN_UNUSED_FUNCTION = YES;
				GCC_WARN_UNUSED_VARIABLE = YES;
				IPHONEOS_DEPLOYMENT_TARGET = 13.5;
				MTL_ENABLE_DEBUG_INFO = INCLUDE_SOURCE;
				MTL_FAST_MATH = YES;
				ONLY_ACTIVE_ARCH = YES;
				SDKROOT = iphoneos;
				SWIFT_ACTIVE_COMPILATION_CONDITIONS = DEBUG;
				SWIFT_OPTIMIZATION_LEVEL = "-Onone";
			};
			name = Debug;
		};
		2A5538A325D0019900F8F190 /* Release */ = {
			isa = XCBuildConfiguration;
			buildSettings = {
				ALWAYS_SEARCH_USER_PATHS = NO;
				CLANG_ANALYZER_NONNULL = YES;
				CLANG_ANALYZER_NUMBER_OBJECT_CONVERSION = YES_AGGRESSIVE;
				CLANG_CXX_LANGUAGE_STANDARD = "gnu++14";
				CLANG_CXX_LIBRARY = "libc++";
				CLANG_ENABLE_MODULES = YES;
				CLANG_ENABLE_OBJC_ARC = YES;
				CLANG_ENABLE_OBJC_WEAK = YES;
				CLANG_WARN_BLOCK_CAPTURE_AUTORELEASING = YES;
				CLANG_WARN_BOOL_CONVERSION = YES;
				CLANG_WARN_COMMA = YES;
				CLANG_WARN_CONSTANT_CONVERSION = YES;
				CLANG_WARN_DEPRECATED_OBJC_IMPLEMENTATIONS = YES;
				CLANG_WARN_DIRECT_OBJC_ISA_USAGE = YES_ERROR;
				CLANG_WARN_DOCUMENTATION_COMMENTS = YES;
				CLANG_WARN_EMPTY_BODY = YES;
				CLANG_WARN_ENUM_CONVERSION = YES;
				CLANG_WARN_INFINITE_RECURSION = YES;
				CLANG_WARN_INT_CONVERSION = YES;
				CLANG_WARN_NON_LITERAL_NULL_CONVERSION = YES;
				CLANG_WARN_OBJC_IMPLICIT_RETAIN_SELF = YES;
				CLANG_WARN_OBJC_LITERAL_CONVERSION = YES;
				CLANG_WARN_OBJC_ROOT_CLASS = YES_ERROR;
				CLANG_WARN_RANGE_LOOP_ANALYSIS = YES;
				CLANG_WARN_STRICT_PROTOTYPES = YES;
				CLANG_WARN_SUSPICIOUS_MOVE = YES;
				CLANG_WARN_UNGUARDED_AVAILABILITY = YES_AGGRESSIVE;
				CLANG_WARN_UNREACHABLE_CODE = YES;
				CLANG_WARN__DUPLICATE_METHOD_MATCH = YES;
				COPY_PHASE_STRIP = NO;
				DEBUG_INFORMATION_FORMAT = "dwarf-with-dsym";
				ENABLE_NS_ASSERTIONS = NO;
				ENABLE_STRICT_OBJC_MSGSEND = YES;
				GCC_C_LANGUAGE_STANDARD = gnu11;
				GCC_NO_COMMON_BLOCKS = YES;
				GCC_WARN_64_TO_32_BIT_CONVERSION = YES;
				GCC_WARN_ABOUT_RETURN_TYPE = YES_ERROR;
				GCC_WARN_UNDECLARED_SELECTOR = YES;
				GCC_WARN_UNINITIALIZED_AUTOS = YES_AGGRESSIVE;
				GCC_WARN_UNUSED_FUNCTION = YES;
				GCC_WARN_UNUSED_VARIABLE = YES;
				IPHONEOS_DEPLOYMENT_TARGET = 13.5;
				MTL_ENABLE_DEBUG_INFO = NO;
				MTL_FAST_MATH = YES;
				SDKROOT = iphoneos;
				SWIFT_COMPILATION_MODE = wholemodule;
				SWIFT_OPTIMIZATION_LEVEL = "-O";
				VALIDATE_PRODUCT = YES;
			};
			name = Release;
		};
		2A5538A525D0019900F8F190 /* Debug */ = {
			isa = XCBuildConfiguration;
			buildSettings = {
				ASSETCATALOG_COMPILER_APPICON_NAME = AppIcon;
				CODE_SIGN_STYLE = Automatic;
				INFOPLIST_FILE = winwinCalculator/Info.plist;
				LD_RUNPATH_SEARCH_PATHS = (
					"$(inherited)",
					"@executable_path/Frameworks",
				);
				PRODUCT_BUNDLE_IDENTIFIER = calculator.winwinCalculator;
				PRODUCT_NAME = "$(TARGET_NAME)";
				SWIFT_VERSION = 5.0;
				TARGETED_DEVICE_FAMILY = "1,2";
			};
			name = Debug;
		};
		2A5538A625D0019900F8F190 /* Release */ = {
			isa = XCBuildConfiguration;
			buildSettings = {
				ASSETCATALOG_COMPILER_APPICON_NAME = AppIcon;
				CODE_SIGN_STYLE = Automatic;
				INFOPLIST_FILE = winwinCalculator/Info.plist;
				LD_RUNPATH_SEARCH_PATHS = (
					"$(inherited)",
					"@executable_path/Frameworks",
				);
				PRODUCT_BUNDLE_IDENTIFIER = calculator.winwinCalculator;
				PRODUCT_NAME = "$(TARGET_NAME)";
				SWIFT_VERSION = 5.0;
				TARGETED_DEVICE_FAMILY = "1,2";
			};
			name = Release;
		};
		2A5538A825D0019900F8F190 /* Debug */ = {
			isa = XCBuildConfiguration;
			buildSettings = {
				ALWAYS_EMBED_SWIFT_STANDARD_LIBRARIES = YES;
				BUNDLE_LOADER = "$(TEST_HOST)";
				CODE_SIGN_STYLE = Automatic;
				INFOPLIST_FILE = winwinCalculatorTests/Info.plist;
				IPHONEOS_DEPLOYMENT_TARGET = 13.5;
				LD_RUNPATH_SEARCH_PATHS = (
					"$(inherited)",
					"@executable_path/Frameworks",
					"@loader_path/Frameworks",
				);
				PRODUCT_BUNDLE_IDENTIFIER = calculator.winwinCalculatorTests;
				PRODUCT_NAME = "$(TARGET_NAME)";
				SWIFT_VERSION = 5.0;
				TARGETED_DEVICE_FAMILY = "1,2";
				TEST_HOST = "$(BUILT_PRODUCTS_DIR)/winwinCalculator.app/winwinCalculator";
			};
			name = Debug;
		};
		2A5538A925D0019900F8F190 /* Release */ = {
			isa = XCBuildConfiguration;
			buildSettings = {
				ALWAYS_EMBED_SWIFT_STANDARD_LIBRARIES = YES;
				BUNDLE_LOADER = "$(TEST_HOST)";
				CODE_SIGN_STYLE = Automatic;
				INFOPLIST_FILE = winwinCalculatorTests/Info.plist;
				IPHONEOS_DEPLOYMENT_TARGET = 13.5;
				LD_RUNPATH_SEARCH_PATHS = (
					"$(inherited)",
					"@executable_path/Frameworks",
					"@loader_path/Frameworks",
				);
				PRODUCT_BUNDLE_IDENTIFIER = calculator.winwinCalculatorTests;
				PRODUCT_NAME = "$(TARGET_NAME)";
				SWIFT_VERSION = 5.0;
				TARGETED_DEVICE_FAMILY = "1,2";
				TEST_HOST = "$(BUILT_PRODUCTS_DIR)/winwinCalculator.app/winwinCalculator";
			};
			name = Release;
		};
		2A5538AB25D0019900F8F190 /* Debug */ = {
			isa = XCBuildConfiguration;
			buildSettings = {
				ALWAYS_EMBED_SWIFT_STANDARD_LIBRARIES = YES;
				CODE_SIGN_STYLE = Automatic;
				INFOPLIST_FILE = winwinCalculatorUITests/Info.plist;
				LD_RUNPATH_SEARCH_PATHS = (
					"$(inherited)",
					"@executable_path/Frameworks",
					"@loader_path/Frameworks",
				);
				PRODUCT_BUNDLE_IDENTIFIER = calculator.winwinCalculatorUITests;
				PRODUCT_NAME = "$(TARGET_NAME)";
				SWIFT_VERSION = 5.0;
				TARGETED_DEVICE_FAMILY = "1,2";
				TEST_TARGET_NAME = winwinCalculator;
			};
			name = Debug;
		};
		2A5538AC25D0019900F8F190 /* Release */ = {
			isa = XCBuildConfiguration;
			buildSettings = {
				ALWAYS_EMBED_SWIFT_STANDARD_LIBRARIES = YES;
				CODE_SIGN_STYLE = Automatic;
				INFOPLIST_FILE = winwinCalculatorUITests/Info.plist;
				LD_RUNPATH_SEARCH_PATHS = (
					"$(inherited)",
					"@executable_path/Frameworks",
					"@loader_path/Frameworks",
				);
				PRODUCT_BUNDLE_IDENTIFIER = calculator.winwinCalculatorUITests;
				PRODUCT_NAME = "$(TARGET_NAME)";
				SWIFT_VERSION = 5.0;
				TARGETED_DEVICE_FAMILY = "1,2";
				TEST_TARGET_NAME = winwinCalculator;
			};
			name = Release;
		};
/* End XCBuildConfiguration section */

/* Begin XCConfigurationList section */
		2A55387525D0019500F8F190 /* Build configuration list for PBXProject "winwinCalculator" */ = {
			isa = XCConfigurationList;
			buildConfigurations = (
				2A5538A225D0019900F8F190 /* Debug */,
				2A5538A325D0019900F8F190 /* Release */,
			);
			defaultConfigurationIsVisible = 0;
			defaultConfigurationName = Release;
		};
		2A5538A425D0019900F8F190 /* Build configuration list for PBXNativeTarget "winwinCalculator" */ = {
			isa = XCConfigurationList;
			buildConfigurations = (
				2A5538A525D0019900F8F190 /* Debug */,
				2A5538A625D0019900F8F190 /* Release */,
			);
			defaultConfigurationIsVisible = 0;
			defaultConfigurationName = Release;
		};
		2A5538A725D0019900F8F190 /* Build configuration list for PBXNativeTarget "winwinCalculatorTests" */ = {
			isa = XCConfigurationList;
			buildConfigurations = (
				2A5538A825D0019900F8F190 /* Debug */,
				2A5538A925D0019900F8F190 /* Release */,
			);
			defaultConfigurationIsVisible = 0;
			defaultConfigurationName = Release;
		};
		2A5538AA25D0019900F8F190 /* Build configuration list for PBXNativeTarget "winwinCalculatorUITests" */ = {
			isa = XCConfigurationList;
			buildConfigurations = (
				2A5538AB25D0019900F8F190 /* Debug */,
				2A5538AC25D0019900F8F190 /* Release */,
			);
			defaultConfigurationIsVisible = 0;
			defaultConfigurationName = Release;
		};
/* End XCConfigurationList section */
	};
	rootObject = 2A55387225D0019500F8F190 /* Project object */;
}
